filippo.io/edwards25519 v1.1.0 h1:FNf4tywRC1HmFuKW5xopWpigGjJKiJSV0Cqo0cJWDaA=
filippo.io/edwards25519 v1.1.0/go.mod h1:BxyFTGdWcka3PhytdK4V28tE5sGfRvvvRV7EaN4VDT4=
github.com/Azure/azure-sdk-for-go/sdk/azcore v1.9.1 h1:lGlwhPtrX6EVml1hO0ivjkUxsSyl4dsiw9qcA1k/3IQ=
github.com/Azure/azure-sdk-for-go/sdk/azcore v1.9.1/go.mod h1:RKUqNu35KJYcVG/fqTRqmuXJZYNhYkBrnC/hX7yGbTA=
github.com/Azure/azure-sdk-for-go/sdk/azidentity v1.5.1 h1:sO0/P7g68FrryJzljemN+6GTssUXdANk6aJ7T1ZxnsQ=
github.com/Azure/azure-sdk-for-go/sdk/azidentity v1.5.1/go.mod h1:h8hyGFDsU5HMivxiS2iYFZsgDbU9OnnJ163x5UGVKYo=
github.com/Azure/azure-sdk-for-go/sdk/internal v1.5.1 h1:6oNBlSdi1QqM1PNW7FPA6xOGA5UNsXnkaYZz9vdPGhA=
github.com/Azure/azure-sdk-for-go/sdk/internal v1.5.1/go.mod h1:s4kgfzA0covAXNicZHDMN58jExvcng2mC/DepXiF1EI=
github.com/Azure/azure-sdk-for-go/sdk/security/keyvault/azkeys v1.0.1 h1:MyVTgWR8qd/Jw1Le0NZebGBUCLbtak3bJ3z1OlqZBpw=
github.com/Azure/azure-sdk-for-go/sdk/security/keyvault/azkeys v1.0.1/go.mod h1:GpPjLhVR9dnUoJMyHWSPy71xY9/lcmpzIPZXmF0FCVY=
github.com/Azure/azure-sdk-for-go/sdk/security/keyvault/internal v1.0.0 h1:D3occbWoio4EBLkbkevetNMAVX197GkzbUMtqjGWn80=
github.com/Azure/azure-sdk-for-go/sdk/security/keyvault/internal v1.0.0/go.mod h1:bTSOgj05NGRuHHhQwAdPnYr9TOdNmKlZTgGLL6nyAdI=
github.com/AzureAD/microsoft-authentication-library-for-go v1.2.1 h1:DzHpqpoJVaCgOUdVHxE8QB52S6NiVdDQvGlny1qvPqA=
github.com/AzureAD/microsoft-authentication-library-for-go v1.2.1/go.mod h1:wP83P5OoQ5p6ip3ScPr0BAq0BvuPAvacpEuSzyouqAI=
github.com/UNO-SOFT/zlog v0.8.1 h1:TEFkGJHtUfTRgMkLZiAjLSHALjwSBdw6/zByMC5GJt4=
github.com/UNO-SOFT/zlog v0.8.1/go.mod h1:yqFOjn3OhvJ4j7ArJqQNA+9V+u6t9zSAyIZdWdMweWc=
github.com/aquilax/truncate v1.0.0 h1:UgIGS8U/aZ4JyOJ2h3xcF5cSQ06+gGBnjxH2RUHJe0U=
github.com/aquilax/truncate v1.0.0/go.mod h1:BeMESIDMlvlS3bmg4BVvBbbZUNwWtS8uzYPAKXwwhLw=
github.com/aws/aws-sdk-go-v2 v1.32.3 h1:T0dRlFBKcdaUPGNtkBSwHZxrtis8CQU17UpNBZYd0wk=
github.com/aws/aws-sdk-go-v2 v1.32.3/go.mod h1:2SK5n0a2karNTv5tbP1SjsX0uhttou00v/HpXKM1ZUo=
github.com/aws/aws-sdk-go-v2/config v1.28.1 h1:oxIvOUXy8x0U3fR//0eq+RdCKimWI900+SV+10xsCBw=
github.com/aws/aws-sdk-go-v2/config v1.28.1/go.mod h1:bRQcttQJiARbd5JZxw6wG0yIK3eLeSCPdg6uqmmlIiI=
github.com/aws/aws-sdk-go-v2/credentials v1.17.42 h1:sBP0RPjBU4neGpIYyx8mkU2QqLPl5u9cmdTWVzIpHkM=
github.com/aws/aws-sdk-go-v2/credentials v1.17.42/go.mod h1:FwZBfU530dJ26rv9saAbxa9Ej3eF/AK0OAY86k13n4M=
github.com/aws/aws-sdk-go-v2/feature/ec2/imds v1.16.18 h1:68jFVtt3NulEzojFesM/WVarlFpCaXLKaBxDpzkQ9OQ=
github.com/aws/aws-sdk-go-v2/feature/ec2/imds v1.16.18/go.mod h1:Fjnn5jQVIo6VyedMc0/EhPpfNlPl7dHV916O6B+49aE=
github.com/aws/aws-sdk-go-v2/internal/configsources v1.3.22 h1:Jw50LwEkVjuVzE1NzkhNKkBf9cRN7MtE1F/b2cOKTUM=
github.com/aws/aws-sdk-go-v2/internal/configsources v1.3.22/go.mod h1:Y/SmAyPcOTmpeVaWSzSKiILfXTVJwrGmYZhcRbhWuEY=
github.com/aws/aws-sdk-go-v2/internal/endpoints/v2 v2.6.22 h1:981MHwBaRZM7+9QSR6XamDzF/o7ouUGxFzr+nVSIhrs=
github.com/aws/aws-sdk-go-v2/internal/endpoints/v2 v2.6.22/go.mod h1:1RA1+aBEfn+CAB/Mh0MB6LsdCYCnjZm7tKXtnk499ZQ=
github.com/aws/aws-sdk-go-v2/internal/ini v1.8.1 h1:VaRN3TlFdd6KxX1x3ILT5ynH6HvKgqdiXoTxAF4HQcQ=
github.com/aws/aws-sdk-go-v2/internal/ini v1.8.1/go.mod h1:FbtygfRFze9usAadmnGJNc8KsP346kEe+y2/oyhGAGc=
github.com/aws/aws-sdk-go-v2/service/internal/accept-encoding v1.12.0 h1:TToQNkvGguu209puTojY/ozlqy2d/SFNcoLIqTFi42g=
github.com/aws/aws-sdk-go-v2/service/internal/accept-encoding v1.12.0/go.mod h1:0jp+ltwkf+SwG2fm/PKo8t4y8pJSgOCO4D8Lz3k0aHQ=
github.com/aws/aws-sdk-go-v2/service/internal/presigned-url v1.12.3 h1:qcxX0JYlgWH3hpPUnd6U0ikcl6LLA9sLkXE2w1fpMvY=
github.com/aws/aws-sdk-go-v2/service/internal/presigned-url v1.12.3/go.mod h1:cLSNEmI45soc+Ef8K/L+8sEA3A3pYFEYf5B5UI+6bH4=
github.com/aws/aws-sdk-go-v2/service/sqs v1.36.3 h1:H1bCg79Q4PDtxQH8Fn5kASQlbVv2WGP5o5IEFEBNOAs=
github.com/aws/aws-sdk-go-v2/service/sqs v1.36.3/go.mod h1:W6Uy6OWgxF9RZuHoikthB6f+A0oYXqnfWmFl5m7E2G4=
github.com/aws/aws-sdk-go-v2/service/sso v1.24.3 h1:UTpsIf0loCIWEbrqdLb+0RxnTXfWh2vhw4nQmFi4nPc=
github.com/aws/aws-sdk-go-v2/service/sso v1.24.3/go.mod h1:FZ9j3PFHHAR+w0BSEjK955w5YD2UwB/l/H0yAK3MJvI=
github.com/aws/aws-sdk-go-v2/service/ssooidc v1.28.3 h1:2YCmIXv3tmiItw0LlYf6v7gEHebLY45kBEnPezbUKyU=
github.com/aws/aws-sdk-go-v2/service/ssooidc v1.28.3/go.mod h1:u19stRyNPxGhj6dRm+Cdgu6N75qnbW7+QN0q0dsAk58=
github.com/aws/aws-sdk-go-v2/service/sts v1.32.3 h1:wVnQ6tigGsRqSWDEEyH6lSAJ9OyFUsSnbaUWChuSGzs=
github.com/aws/aws-sdk-go-v2/service/sts v1.32.3/go.mod h1:VZa9yTFyj4o10YGsmDO4gbQJUvvhY72fhumT8W4LqsE=
github.com/aws/smithy-go v1.22.0 h1:uunKnWlcoL3zO7q+gG2Pk53joueEOsnNB28QdMsmiMM=
github.com/aws/smithy-go v1.22.0/go.mod h1:irrKGvNn1InZwb2d7fkIRNucdfwR8R+Ts3wxYa/cJHg=
github.com/beorn7/perks v1.0.1 h1:VlbKKnNfV8bJzeqoa4cOKqO6bYr3WgKZxO8Z16+hsOM=
github.com/beorn7/perks v1.0.1/go.mod h1:G2ZrVWU2WbWT9wwq4/hrbKbnv/1ERSJQ0ibhJ6rlkpw=
github.com/cespare/xxhash/v2 v2.3.0 h1:UL815xU9SqsFlibzuggzjXhog7bL6oX9BbNZnL2UFvs=
github.com/cespare/xxhash/v2 v2.3.0/go.mod h1:VGX0DQ3Q6kWi7AoAeZDth3/j3BFtOZR5XLFGgcrjCOs=
github.com/cpuguy83/go-md2man/v2 v2.0.4/go.mod h1:tgQtvFlXSQOSOSIRvRPT7W67SCa46tRHOmNcaadrF8o=
github.com/cpuguy83/go-md2man/v2 v2.0.5 h1:ZtcqGrnekaHpVLArFSe4HK5DoKx1T0rq2DwVB0alcyc=
github.com/cpuguy83/go-md2man/v2 v2.0.5/go.mod h1:tgQtvFlXSQOSOSIRvRPT7W67SCa46tRHOmNcaadrF8o=
github.com/creack/pty v1.1.23 h1:4M6+isWdcStXEf15G/RbrMPOQj1dZ7HPZCGwE4kOeP0=
github.com/creack/pty v1.1.23/go.mod h1:08sCNb52WyoAwi2QDyzUCTgcvVFhUzewun7wtTfvcwE=
github.com/davecgh/go-spew v1.1.0/go.mod h1:J7Y8YcW2NihsgmVo/mv3lAwl/skON4iLHjSsI+c5H38=
github.com/davecgh/go-spew v1.1.1/go.mod h1:J7Y8YcW2NihsgmVo/mv3lAwl/skON4iLHjSsI+c5H38=
github.com/davecgh/go-spew v1.1.2-0.20180830191138-d8f796af33cc h1:U9qPSI2PIWSS1VwoXQT9A3Wy9MM3WgvqSxFWenqJduM=
github.com/davecgh/go-spew v1.1.2-0.20180830191138-d8f796af33cc/go.mod h1:J7Y8YcW2NihsgmVo/mv3lAwl/skON4iLHjSsI+c5H38=
github.com/dlclark/regexp2 v1.11.4 h1:rPYF9/LECdNymJufQKmri9gV604RvvABwgOA8un7yAo=
github.com/dlclark/regexp2 v1.11.4/go.mod h1:DHkYz0B9wPfa6wondMfaivmHpzrQ3v9q8cnmRbL6yW8=
github.com/docktermj/cloudshell v0.2.0 h1:cDt4+A0LOHUy/odwUEs1u4gPxY2yAow+XlPBnS0rhqQ=
github.com/docktermj/cloudshell v0.2.0/go.mod h1:EJ4boCOLil6MIghSCwOf+/ue5Ci5Ag3AIDNoigTzM1c=
github.com/fatih/color v1.18.0 h1:S8gINlzdQ840/4pfAwic/ZE0djQEH3wM94VfqLTZcOM=
github.com/fatih/color v1.18.0/go.mod h1:4FelSpRwEGDpQ12mAdzqdOukCy4u8WUtOY6lkT/6HfU=
github.com/flowchartsman/swaggerui v0.0.0-20221017034628-909ed4f3701b h1:oy54yVy300Db264NfQCJubZHpJOl+SoT6udALQdFbSI=
github.com/flowchartsman/swaggerui v0.0.0-20221017034628-909ed4f3701b/go.mod h1:/RJwPD5L4xWgCbqQ1L5cB12ndgfKKT54n9cZFf+8pus=
github.com/frankban/quicktest v1.14.6 h1:7Xjx+VpznH+oBnejlPUj8oUpdxnVs4f8XU8WnHkI4W8=
github.com/frankban/quicktest v1.14.6/go.mod h1:4ptaffx2x8+WTWXmUCuVU6aPUX1/Mz7zb5vbUoiM6w0=
github.com/fsnotify/fsnotify v1.8.0 h1:dAwr6QBTBZIkG8roQaJjGof0pp0EeF+tNV7YBP3F/8M=
github.com/fsnotify/fsnotify v1.8.0/go.mod h1:8jBTzvmWwFyi3Pb8djgCCO5IBqzKJ/Jwo8TRcHyHii0=
github.com/ghodss/yaml v1.0.0 h1:wQHKEahhL6wmXdzwWG11gIVCkOv05bNOh+Rxn0yngAk=
github.com/ghodss/yaml v1.0.0/go.mod h1:4dBDuWmgqj2HViK6kFavaiC9ZROes6MMH2rRYeMEF04=
github.com/go-faster/errors v0.7.1 h1:MkJTnDoEdi9pDabt1dpWf7AA8/BaSYZqibYyhZ20AYg=
github.com/go-faster/errors v0.7.1/go.mod h1:5ySTjWFiphBs07IKuiL69nxdfd5+fzh1u7FPGZP2quo=
github.com/go-faster/jx v1.1.0 h1:ZsW3wD+snOdmTDy9eIVgQdjUpXRRV4rqW8NS3t+20bg=
github.com/go-faster/jx v1.1.0/go.mod h1:vKDNikrKoyUmpzaJ0OkIkRQClNHFX/nF3dnTJZb3skg=
github.com/go-faster/yaml v0.4.6 h1:lOK/EhI04gCpPgPhgt0bChS6bvw7G3WwI8xxVe0sw9I=
github.com/go-faster/yaml v0.4.6/go.mod h1:390dRIvV4zbnO7qC9FGo6YYutc+wyyUSHBgbXL52eXk=
github.com/go-logfmt/logfmt v0.6.0 h1:wGYYu3uicYdqXVgoYbvnkrPVXkuLM1p1ifugDMEdRi4=
github.com/go-logfmt/logfmt v0.6.0/go.mod h1:WYhtIu8zTZfxdn5+rREduYbwxfcBr/Vr6KEVveWlfTs=
github.com/go-logr/logr v1.2.2/go.mod h1:jdQByPbusPIv2/zmleS9BjJVeZ6kBagPoEUsqbVz/1A=
github.com/go-logr/logr v1.4.2 h1:6pFjapn8bFcIbiKo3XT4j/BhANplGihG6tvd+8rYgrY=
github.com/go-logr/logr v1.4.2/go.mod h1:9T104GzyrTigFIr8wt5mBrctHMim0Nb2HLGrmQ40KvY=
github.com/go-logr/stdr v1.2.2 h1:hSWxHoqTgW2S2qGc0LTAI563KZ5YKYRhT3MFKZMbjag=
github.com/go-logr/stdr v1.2.2/go.mod h1:mMo/vtBO5dYbehREoey6XUKy/eSumjCCveDpRre4VKE=
github.com/go-sql-driver/mysql v1.8.1 h1:LedoTUt/eveggdHS9qUFC1EFSa8bU2+1pZjSRpvNJ1Y=
github.com/go-sql-driver/mysql v1.8.1/go.mod h1:wEBSXgmK//2ZFJyE+qWnIsVGmvmEKlqwuVSjsCm7DZg=
github.com/godror/godror v0.44.8 h1:20AAK8BWZasXuRkX/vhbSpnAqBMXB9fngsdfMJ4pNgU=
github.com/godror/godror v0.44.8/go.mod h1:KJwMtQpK9o3WdEiNw7qvgSk827YDLj9MV/bXSzvUzlo=
github.com/godror/knownpb v0.2.0 h1:RJLntksFiKUHoUz3wCCJ8+DBjxSLYHYDNl1xRz0/gXI=
github.com/godror/knownpb v0.2.0/go.mod h1:kRahRJBwqTenpVPleymQ4k433Xz2Wuy7dOeFSuEpmkI=
github.com/golang-jwt/jwt/v5 v5.2.0 h1:d/ix8ftRUorsN+5eMIlF4T6J8CAt9rch3My2winC1Jw=
github.com/golang-jwt/jwt/v5 v5.2.0/go.mod h1:pqrtFR0X4osieyHYxtmOUWsAWrfe1Q5UVIyoH402zdk=
github.com/golang-sql/civil v0.0.0-20220223132316-b832511892a9 h1:au07oEsX2xN0ktxqI+Sida1w446QrXBRJ0nee3SNZlA=
github.com/golang-sql/civil v0.0.0-20220223132316-b832511892a9/go.mod h1:8vg3r2VgvsThLBIFL93Qb5yWzgyZWhEmBwUJWevAkK0=
github.com/golang-sql/sqlexp v0.1.0 h1:ZCD6MBpcuOVfGVqsEmY5/4FtYiKz6tSyUv9LPEDei6A=
github.com/golang-sql/sqlexp v0.1.0/go.mod h1:J4ad9Vo8ZCWQ2GMrC4UCQy1JpCbwU9m3EOqtpKwwwHI=
github.com/google/go-cmp v0.6.0 h1:ofyhxvXcZhMsU5ulbFiLKl/XBFqE1GSq7atu8tAmTRI=
github.com/google/go-cmp v0.6.0/go.mod h1:17dUlkBOakJ0+DkrSSNjCkIjxS6bF9zb3elmeNGIjoY=
github.com/google/uuid v1.6.0 h1:NIvaJDMOsjHA8n1jAhLSgzrAzy1Hgr+hNrb57e+94F0=
github.com/google/uuid v1.6.0/go.mod h1:TIyPZe4MgqvfeYDBFedMoGGpEw/LqOeaOT+nhxU+yHo=
github.com/gorilla/websocket v1.5.3 h1:saDtZ6Pbx/0u+bgYQ3q96pZgCzfhKXGPqt7kZ72aNNg=
github.com/gorilla/websocket v1.5.3/go.mod h1:YR8l580nyteQvAITg2hZ9XVh4b55+EU/adAjf1fMHhE=
github.com/hashicorp/hcl v1.0.0 h1:0Anlzjpi4vEasTeNFn2mLJgTSwt0+6sfsiTG8qcWGx4=
github.com/hashicorp/hcl v1.0.0/go.mod h1:E5yfLk+7swimpb2L/Alb/PJmXilQ/rhwaUYs4T20WEQ=
github.com/inconshreveable/mousetrap v1.1.0 h1:wN+x4NVGpMsO7ErUn/mUI3vEoE6Jt13X2s0bqwp9tc8=
github.com/inconshreveable/mousetrap v1.1.0/go.mod h1:vpF70FUmC8bwa3OWnCshd2FqLfsEA9PFc4w1p2J65bw=
github.com/klauspost/compress v1.17.11 h1:In6xLpyWOi1+C7tXUUWv2ot1QvBjxevKAaI6IXrJmUc=
github.com/klauspost/compress v1.17.11/go.mod h1:pMDklpSncoRMuLFrf1W9Ss9KT+0rH90U12bZKk7uwG0=
github.com/kr/pretty v0.3.1 h1:flRD4NNwYAUpkphVc1HcthR4KEIFJ65n8Mw5qdRn3LE=
github.com/kr/pretty v0.3.1/go.mod h1:hoEshYVHaxMs3cyo3Yncou5ZscifuDolrwPKZanG3xk=
github.com/kr/text v0.2.0 h1:5Nx0Ya0ZqY2ygV366QzturHI13Jq95ApcVaJBhpS+AY=
github.com/kr/text v0.2.0/go.mod h1:eLer722TekiGuMkidMxC/pM04lWEeraHUUmBw8l2grE=
github.com/kylelemons/godebug v1.1.0 h1:RPNrshWIDI6G2gRW9EHilWtl7Z6Sb1BR0xunSBf0SNc=
github.com/kylelemons/godebug v1.1.0/go.mod h1:9/0rRGxNHcop5bhtWyNeEfOS8JIWk580+fNqagV/RAw=
github.com/lib/pq v1.10.9 h1:YXG7RB+JIjhP29X+OtkiDnYaXQwpS4JEWq7dtCCRUEw=
github.com/lib/pq v1.10.9/go.mod h1:AlVN5x4E4T544tWzH6hKfbfQvm3HdbOxrmggDNAPY9o=
github.com/magiconair/properties v1.8.7 h1:IeQXZAiQcpL9mgcAe1Nu6cX9LLw6ExEHKjN0VQdvPDY=
github.com/magiconair/properties v1.8.7/go.mod h1:Dhd985XPs7jluiymwWYZ0G4Z61jb3vdS329zhj2hYo0=
github.com/mattn/go-colorable v0.1.13 h1:fFA4WZxdEF4tXPZVKMLwD8oUnCTTo08duU7wxecdEvA=
github.com/mattn/go-colorable v0.1.13/go.mod h1:7S9/ev0klgBDR4GtXTXX8a3vIGJpMovkB8vQcUbaXHg=
github.com/mattn/go-isatty v0.0.16/go.mod h1:kYGgaQfpe5nmfYZH+SKPsOc2e4SrIfOl2e/yFXSvRLM=
github.com/mattn/go-isatty v0.0.20 h1:xfD0iDuEKnDkl03q4limB+vH+GxLEtL/jb4xVJSWWEY=
github.com/mattn/go-isatty v0.0.20/go.mod h1:W+V8PltTTMOvKvAeJH7IuucS94S2C6jfK/D7dTCTo3Y=
github.com/mattn/go-sqlite3 v1.14.24 h1:tpSp2G2KyMnnQu99ngJ47EIkWVmliIizyZBfPrBWDRM=
github.com/mattn/go-sqlite3 v1.14.24/go.mod h1:Uh1q+B4BYcTPb+yiD3kU8Ct7aC0hY9fxUwlHK0RXw+Y=
github.com/microsoft/go-mssqldb v1.7.2 h1:CHkFJiObW7ItKTJfHo1QX7QBBD1iV+mn1eOyRP3b/PA=
github.com/microsoft/go-mssqldb v1.7.2/go.mod h1:kOvZKUdrhhFQmxLZqbwUV0rHkNkZpthMITIb2Ko1IoA=
github.com/mitchellh/mapstructure v1.5.0 h1:jeMsZIYE/09sWLaz43PL7Gy6RuMjD2eJVyuac5Z2hdY=
github.com/mitchellh/mapstructure v1.5.0/go.mod h1:bFUtVrKA4DC2yAKiSyO/QUcy7e+RRV2QTWOzhPopBRo=
github.com/munnerz/goautoneg v0.0.0-20191010083416-a7dc8b61c822 h1:C3w9PqII01/Oq1c1nUAm88MOHcQC9l5mIlSMApZMrHA=
github.com/munnerz/goautoneg v0.0.0-20191010083416-a7dc8b61c822/go.mod h1:+n7T8mK8HuQTcFwEeznm/DIxMOiR9yIdICNftLE1DvQ=
github.com/ogen-go/ogen v1.6.0 h1:5pwTvLdJHVz7MhTHvrcoaQePROXyJnuY5ECcC+GZDrA=
github.com/ogen-go/ogen v1.6.0/go.mod h1:Y+ZYfR1bKmEQBSdxblRtMRsf8Fk/ExskKc4dZNW+hZ0=
github.com/oklog/ulid/v2 v2.0.2 h1:r4fFzBm+bv0wNKNh5eXTwU7i85y5x+uwkxCUTNVQqLc=
github.com/oklog/ulid/v2 v2.0.2/go.mod h1:mtBL0Qe/0HAx6/a4Z30qxVIAL1eQDweXq5lxOEiwQ68=
github.com/pelletier/go-toml/v2 v2.2.3 h1:YmeHyLY8mFWbdkNWwpr+qIL2bEqT0o95WSdkNHvL12M=
github.com/pelletier/go-toml/v2 v2.2.3/go.mod h1:MfCQTFTvCcUyyvvwm1+G6H/jORL20Xlb6rzQu9GuUkc=
github.com/pkg/browser v0.0.0-20240102092130-5ac0b6a4141c h1:+mdjkGKdHQG3305AYmdv1U2eRNDiU2ErMBj1gwrq8eQ=
github.com/pkg/browser v0.0.0-20240102092130-5ac0b6a4141c/go.mod h1:7rwL4CYBLnjLxUqIJNnCWiEdr3bn6IUYi15bNlnbCCU=
github.com/planetscale/vtprotobuf v0.6.1-0.20240319094008-0393e58bdf10 h1:GFCKgmp0tecUJ0sJuv4pzYCqS9+RGSn52M3FUwPs+uo=
github.com/planetscale/vtprotobuf v0.6.1-0.20240319094008-0393e58bdf10/go.mod h1:t/avpk3KcrXxUnYOhZhMXJlSEyie6gQbtLq5NM3loB8=
github.com/pmezard/go-difflib v1.0.0/go.mod h1:iKH77koFhYxTK1pcRnkKkqfTogsbg7gZNVY4sRDYZ/4=
github.com/pmezard/go-difflib v1.0.1-0.20181226105442-5d4384ee4fb2 h1:Jamvg5psRIccs7FGNTlIRMkT8wgtp5eCXdBlqhYGL6U=
github.com/pmezard/go-difflib v1.0.1-0.20181226105442-5d4384ee4fb2/go.mod h1:iKH77koFhYxTK1pcRnkKkqfTogsbg7gZNVY4sRDYZ/4=
github.com/prometheus/client_golang v1.20.5 h1:cxppBPuYhUnsO6yo/aoRol4L7q7UFfdm+bR9r+8l63Y=
github.com/prometheus/client_golang v1.20.5/go.mod h1:PIEt8X02hGcP8JWbeHyeZ53Y/jReSnHgO035n//V5WE=
github.com/prometheus/client_model v0.6.1 h1:ZKSh/rekM+n3CeS952MLRAdFwIKqeY8b62p8ais2e9E=
github.com/prometheus/client_model v0.6.1/go.mod h1:OrxVMOVHjw3lKMa8+x6HeMGkHMQyHDk9E3jmP2AmGiY=
github.com/prometheus/common v0.60.1 h1:FUas6GcOw66yB/73KC+BOZoFJmbo/1pojoILArPAaSc=
github.com/prometheus/common v0.60.1/go.mod h1:h0LYf1R1deLSKtD4Vdg8gy4RuOvENW2J/h19V5NADQw=
github.com/prometheus/procfs v0.15.1 h1:YagwOFzUgYfKKHX6Dr+sHT7km/hxC76UB0learggepc=
github.com/prometheus/procfs v0.15.1/go.mod h1:fB45yRUv8NstnjriLhBQLuOUt+WW4BsoGhij/e3PBqk=
github.com/rabbitmq/amqp091-go v1.10.0 h1:STpn5XsHlHGcecLmMFCtg7mqq0RnD+zFr4uzukfVhBw=
github.com/rabbitmq/amqp091-go v1.10.0/go.mod h1:Hy4jKW5kQART1u+JkDTF9YYOQUHXqMuhrgxOEeS7G4o=
github.com/rogpeppe/go-internal v1.10.0 h1:TMyTOH3F/DB16zRVcYyreMH6GnZZrwQVAoYjRBZyWFQ=
github.com/rogpeppe/go-internal v1.10.0/go.mod h1:UQnix2H7Ngw/k4C5ijL5+65zddjncjaFoBhdsK/akog=
github.com/roncewind/go-util v0.0.5 h1:SiXs7Si68b/5paClS7QPyJ4yDnOQ3lJdi7SXhxgjBFo=
github.com/roncewind/go-util v0.0.5/go.mod h1:3W93f0MuKIQJA21OqGPcjzw87zc1TFFTn/O0lWB2Ahg=
github.com/russross/blackfriday/v2 v2.1.0 h1:JIOH55/0cWyOuilr9/qlrm0BSXldqnqwMsf35Ld67mk=
github.com/russross/blackfriday/v2 v2.1.0/go.mod h1:+Rmxgy9KzJVeS9/2gXHxylqXiyQDYRxCVz55jmeOWTM=
github.com/sagikazarmark/locafero v0.6.0 h1:ON7AQg37yzcRPU69mt7gwhFEBwxI6P9T4Qu3N51bwOk=
github.com/sagikazarmark/locafero v0.6.0/go.mod h1:77OmuIc6VTraTXKXIs/uvUxKGUXjE1GbemJYHqdNjX0=
github.com/sagikazarmark/slog-shim v0.1.0 h1:diDBnUNK9N/354PgrxMywXnAwEr1QZcOr6gto+ugjYE=
github.com/sagikazarmark/slog-shim v0.1.0/go.mod h1:SrcSrq8aKtyuqEI1uvTDTK1arOWRIczQRv+GVI1AkeQ=
github.com/segmentio/asm v1.2.0 h1:9BQrFxC+YOHJlTlHGkTrFWf59nbL3XnCoFLTwDCI7ys=
github.com/segmentio/asm v1.2.0/go.mod h1:BqMnlJP91P8d+4ibuonYZw9mfnzI9HfxselHZr5aAcs=
github.com/senzing-garage/check-self v0.3.2 h1:Vjp20No8gsyGYcWT0i+Zn8+/R5gguYvelA7T1CwZKFg=
github.com/senzing-garage/check-self v0.3.2/go.mod h1:TP4Nbss1fato+wGdmDfEVAYJh+Ir3mE0JWcdFwAN1Kg=
github.com/senzing-garage/demo-entity-search v0.2.2 h1:N7K0nsXa/kjGtisAdHyc0p8xzrA3nQ+j6GCuFlyfMG0=
github.com/senzing-garage/demo-entity-search v0.2.2/go.mod h1:Iuq9kXIl/+HdCWS65k6QxK6IHmFiq0YX3OngR3dTc60=
github.com/senzing-garage/demo-quickstart v0.3.1 h1:U1y6idLJcMjgL7sFaT0CwgCAKLsZ0LfUEAPeNDOfN0Y=
github.com/senzing-garage/demo-quickstart v0.3.1/go.mod h1:kUwx4iHX05vIFsN5E3YPu/CQOqO3wHNScDN7iNiBSZ0=
github.com/senzing-garage/explain v0.3.1 h1:dyZcSQlDK1fVRQyJTtkoJHi0c1uskDbhlM6DvsZQcFI=
github.com/senzing-garage/explain v0.3.1/go.mod h1:hSF2olCcHyYbbqI3TnjVbiqX/OmfmQkHmT05OYRFLpY=
github.com/senzing-garage/go-cmdhelping v0.3.1 h1:MCAvjx1kv3yEob1gPv4cUQ+fIrE1C/6bMBw8HbdyEqo=
github.com/senzing-garage/go-cmdhelping v0.3.1/go.mod h1:JTEcyT9VnuwqxSAolhtZEJB2IbdsFyv5KmEeoKHrUsU=
github.com/senzing-garage/go-databasing v0.5.3 h1:6IMXYaoHx63xiesWaScRz/rc6dsy9/ADMo4gGWIjlXw=
github.com/senzing-garage/go-databasing v0.5.3/go.mod h1:LjBmiSqwgavPmEMihrgCDh7lf6EI/14+KzGNJpqF4co=
github.com/senzing-garage/go-grpcing v0.2.1 h1:bkFx+hUqiJNtoWdU8p6zt5RHjKHr9e0WrBOFcknDxbM=
github.com/senzing-garage/go-grpcing v0.2.1/go.mod h1:1eP8tLhg3IpaAqL+r8DZh5YcDjcy3kwHN4kdFUwkhjY=
github.com/senzing-garage/go-helpers v0.6.1 h1:wxQljvwix3sN7/PkWvWdBKli40lEXpEpaagCJa/336Y=
github.com/senzing-garage/go-helpers v0.6.1/go.mod h1:zLNSiNeI3o0kRjfigSdT5G5GxCXvQlD3iciychF17KA=
github.com/senzing-garage/go-logging v1.5.1 h1:3nqw75gN5x+6PQRop34/49+3kag1aE9dlFne7pILQAg=
github.com/senzing-garage/go-logging v1.5.1/go.mod h1:ki4sQ46iI1Kjl1kkknYFQC2DY+zJj6Pod61wohGUs4E=
github.com/senzing-garage/go-messaging v1.5.2 h1:lU9W2HV3zKQsDU9Vs7lwe/C/LbHVCMng9kQOL/r8pOI=
github.com/senzing-garage/go-messaging v1.5.2/go.mod h1:iEWGVuDGWjolIkwLqnn9oJS7ifF3aoZjTtI44tf1gWQ=
github.com/senzing-garage/go-observing v0.3.3 h1:AhQYgOG012sDZtWXYcXVAaS5qEoDjlWmPYJDVCUZ/g0=
github.com/senzing-garage/go-observing v0.3.3/go.mod h1:qFUi5Dwb6vmd7izTZGjGbWKUGRHzWzsgbsX3oNSD198=
github.com/senzing-garage/go-queueing v0.4.2 h1:Kh3J5lUf59hy1VvxnPThFU40M4STH37vXy1bpkNhRGk=
github.com/senzing-garage/go-queueing v0.4.2/go.mod h1:hnDKxZEkfHVbB10mwvdSpbF12J/7GVDCxh+uf3HOQbQ=
github.com/senzing-garage/go-rest-api-service v0.10.2 h1:lUskE8KTCnpX0BbrTwEg/YxjvnfiezyygZiwrTeIO2s=
github.com/senzing-garage/go-rest-api-service v0.10.2/go.mod h1:rEea05P8yYy8p1g1ULS+uFBw8JFt+9ug2YWAYeK7vxw=
github.com/senzing-garage/go-rest-api-service-legacy v0.1.1 h1:Ka0Livm51aUdv5s8z+pZ69VmDtKIGWLEZoZqvKapx9c=
github.com/senzing-garage/go-rest-api-service-legacy v0.1.1/go.mod h1:s+lMso2zTmKgNYnayo9lVdUle1EMMax2BcVJnvFoRpI=
github.com/senzing-garage/go-sdk-abstract-factory v0.9.3 h1:V2Iq//f3kyGdf9W0sH12fQ9dVnQADTd5jxkhqogvg9w=
github.com/senzing-garage/go-sdk-abstract-factory v0.9.3/go.mod h1:O9TZ/T5DQqBt2kqmleFdbSM26fJuRogFHGz4wWRAr/c=
github.com/senzing-garage/init-database v0.7.2 h1:5Q2owT2GXaqCWAx75M9dkiBLJOE5Ds3ldepfAzfeg3Q=
github.com/senzing-garage/init-database v0.7.2/go.mod h1:eWmXsOTdQzMV2268qUzxPn10r4aKwqBZ2xA438rjb4k=
github.com/senzing-garage/load v0.2.2 h1:zylTRV9KPg0pywT30eitlakTAv+xCfocS+g+FXNRdpw=
github.com/senzing-garage/load v0.2.2/go.mod h1:L+/mp+ptBabwpf/X81eZ2i+Zu7N2zlFXQps0uLd7Uqo=
github.com/senzing-garage/move v0.3.2 h1:Mh0KFP869vQJUYe9Q7dtnrUJY9mT1coY8bQWdJAp388=
github.com/senzing-garage/move v0.3.2/go.mod h1:i9Md0BtfivQqDkDgGfvXLYpW1kwvMp4cKe/Ds4zIUEA=
github.com/senzing-garage/observe v0.3.1 h1:OwR4pQFLDe5nfphKV3xYzNlQ0xRCCApknwRZhCRIaYg=
github.com/senzing-garage/observe v0.3.1/go.mod h1:6SXUWMIws61fBCkGTNawv4khebiDsLz/FxBeLlSKzJE=
github.com/senzing-garage/serve-grpc v0.8.6 h1:wFPG3ZSLApMK0bul/5u+Mecrvwm3sgAL1BhXnprpEow=
github.com/senzing-garage/serve-grpc v0.8.6/go.mod h1:aDUJ0b6AtdwM3n03hDp3QePwjE0muPXIMs+7ef9rhp8=
github.com/senzing-garage/serve-http v0.3.2 h1:Jgq3JT9omHoLiNHgI30g1kXJXKFsckDFrBh+DvjjZqc=
github.com/senzing-garage/serve-http v0.3.2/go.mod h1:gfjq54EvJsHTiBqzjdMZkutt0AaqGI7n+QsAbrCJmu8=
github.com/senzing-garage/sz-sdk-go v0.14.3 h1:vcTJDn84bTGuFt2kWw8jDf4FfgUSePB+UJg3C2cPIBk=
github.com/senzing-garage/sz-sdk-go v0.14.3/go.mod h1:rj9HH6qo+kW5PsFSRnEIUQqDZBE34gZjQGsDvAxw6dI=
github.com/senzing-garage/sz-sdk-go-core v0.8.4 h1:Iy9KqdkP9Wf2w9jUa3jsiQEJF7CAazpoGsNXAUK9+68=
github.com/senzing-garage/sz-sdk-go-core v0.8.4/go.mod h1:p+ntbY2lgZBVpSNPGUxhifcFa12VOY/54TdhJWKbkKM=
github.com/senzing-garage/sz-sdk-go-grpc v0.8.4 h1:vRU5rn/QSMoUbXvLOdYJP41xsYrx22P15U+yUdbgjxg=
github.com/senzing-garage/sz-sdk-go-grpc v0.8.4/go.mod h1:CdjUjZJIPHJQsBkaPamMeRZO2CKGxTDUFUsWUp2aeS0=
github.com/senzing-garage/sz-sdk-go-mock v0.8.3 h1:QrqBqfksWY8LdGgpbMz/5ReRKpyvEHmW+qD7qp6dlns=
github.com/senzing-garage/sz-sdk-go-mock v0.8.3/go.mod h1:SoHQBFq9KkNywhh4IaJsOKWmxySrAxOFq1nFROPtpXI=
github.com/senzing-garage/sz-sdk-json-type-definition v0.2.7 h1:Sv0CMHPWaF8Jq+VBi56iDbBFeh/rfiGsiFOaAGZ2V4U=
github.com/senzing-garage/sz-sdk-json-type-definition v0.2.7/go.mod h1:UlKL1vflvcE8rNOpbptlNiw57SixFAUWk5ftu5gHL9Y=
github.com/senzing-garage/sz-sdk-proto v0.7.10 h1:T5T4W63awD9znLrDk94vVzgy1+GBb1ouEkCbtCqJans=
github.com/senzing-garage/sz-sdk-proto v0.7.10/go.mod h1:pvaLa5AR36n5T59Perh/zulKKPe6EB1HTWGhSP4smb4=
github.com/senzing-garage/validate v0.2.1 h1:BMp+PAnZ6CkbukBvRtrTe+fzCN9ByADCfiRdChtVsTo=
github.com/senzing-garage/validate v0.2.1/go.mod h1:qnzuhaq4G3nIqU7ZXanR23vUxX9Wut7SU8OxyCLhUGc=
github.com/sirupsen/logrus v1.9.3 h1:dueUQJ1C2q9oE3F7wvmSGAaVtTmUizReu6fjN8uqzbQ=
github.com/sirupsen/logrus v1.9.3/go.mod h1:naHLuLoDiP4jHNo9R0sCBMtWGeIprob74mVsIT4qYEQ=
github.com/sourcegraph/conc v0.3.0 h1:OQTbbt6P72L20UqAkXXuLOj79LfEanQ+YQFNpLA9ySo=
github.com/sourcegraph/conc v0.3.0/go.mod h1:Sdozi7LEKbFPqYX2/J+iBAM6HpqSLTASQIKqDmF7Mt0=
github.com/spf13/afero v1.11.0 h1:WJQKhtpdm3v2IzqG8VMqrr6Rf3UYpEF239Jy9wNepM8=
github.com/spf13/afero v1.11.0/go.mod h1:GH9Y3pIexgf1MTIWtNGyogA5MwRIDXGUr+hbWNoBjkY=
github.com/spf13/cast v1.7.0 h1:ntdiHjuueXFgm5nzDRdOS4yfT43P5Fnud6DH50rz/7w=
github.com/spf13/cast v1.7.0/go.mod h1:ancEpBxwJDODSW/UG4rDrAqiKolqNNh2DX3mk86cAdo=
github.com/spf13/cobra v1.8.1 h1:e5/vxKd/rZsfSJMUX1agtjeTDf+qv1/JdBF8gg5k9ZM=
github.com/spf13/cobra v1.8.1/go.mod h1:wHxEcudfqmLYa8iTfL+OuZPbBZkmvliBWKIezN3kD9Y=
github.com/spf13/pflag v1.0.5 h1:iy+VFUOCP1a+8yFto/drg2CJ5u0yRoB7fZw3DKv/JXA=
github.com/spf13/pflag v1.0.5/go.mod h1:McXfInJRrz4CZXVZOBLb0bTZqETkiAhM9Iw0y3An2Bg=
github.com/spf13/viper v1.19.0 h1:RWq5SEjt8o25SROyN3z2OrDB9l7RPd3lwTWU8EcEdcI=
github.com/spf13/viper v1.19.0/go.mod h1:GQUN9bilAbhU/jgc1bKs99f/suXKeUMct8Adx5+Ntkg=
github.com/stretchr/objx v0.1.0/go.mod h1:HFkY916IF+rwdDfMAkV7OtwuqBVzrE8GR6GFx+wExME=
github.com/stretchr/testify v1.7.0/go.mod h1:6Fq8oRcR53rry900zMqJjRRixrwX3KX962/h/Wwjteg=
github.com/stretchr/testify v1.9.0 h1:HtqpIVDClZ4nwg75+f6Lvsy/wHu+3BoSGCbBAcpTsTg=
github.com/stretchr/testify v1.9.0/go.mod h1:r2ic/lqez/lEtzL7wO/rwa5dbSLXVDPFyf8C91i36aY=
github.com/subosito/gotenv v1.6.0 h1:9NlTDc1FTs4qu0DDq7AEtTPNw6SVm7uBMsUCUjABIf8=
github.com/subosito/gotenv v1.6.0/go.mod h1:Dk4QP5c2W3ibzajGcXpNraDfq2IrhjMIvMSWPKKo0FU=
go.opentelemetry.io/otel v1.31.0 h1:NsJcKPIW0D0H3NgzPDHmo0WW6SptzPdqg/L1zsIm2hY=
go.opentelemetry.io/otel v1.31.0/go.mod h1:O0C14Yl9FgkjqcCZAsE053C13OaddMYr/hz6clDkEJE=
go.opentelemetry.io/otel/metric v1.31.0 h1:FSErL0ATQAmYHUIzSezZibnyVlft1ybhy4ozRPcF2fE=
go.opentelemetry.io/otel/metric v1.31.0/go.mod h1:C3dEloVbLuYoX41KpmAhOqNriGbA+qqH6PQ5E5mUfnY=
go.opentelemetry.io/otel/trace v1.31.0 h1:ffjsj1aRouKewfr85U2aGagJ46+MvodynlQ1HYdmJys=
go.opentelemetry.io/otel/trace v1.31.0/go.mod h1:TXZkRk7SM2ZQLtR6eoAWQFIHPvzQ06FJAsO1tJg480A=
go.uber.org/goleak v1.3.0 h1:2K3zAYmnTNqV73imy9J1T3WC+gmCePx2hEGkimedGto=
go.uber.org/goleak v1.3.0/go.mod h1:CoHD4mav9JJNrW/WLlf7HGZPjdw8EucARQHekz1X6bE=
go.uber.org/multierr v1.11.0 h1:blXXJkSxSSfBVBlC76pxqeO+LN3aDfLQo+309xJstO0=
go.uber.org/multierr v1.11.0/go.mod h1:20+QtiLqy0Nd6FdQB9TLXag12DsQkrbs3htMFfDN80Y=
go.uber.org/zap v1.27.0 h1:aJMhYGrd5QSmlpLMr2MftRKl7t8J8PTZPA732ud/XR8=
go.uber.org/zap v1.27.0/go.mod h1:GB2qFLM7cTU87MWRP2mPIjqfIDnGu+VIO4V/SdhGo2E=
golang.org/x/crypto v0.28.0 h1:GBDwsMXVQi34v5CCYUm2jkJvu4cbtru2U4TN2PSyQnw=
golang.org/x/crypto v0.28.0/go.mod h1:rmgy+3RHxRZMyY0jjAJShp2zgEdOqj2AO7U0pYmeQ7U=
golang.org/x/exp v0.0.0-20241009180824-f66d83c29e7c h1:7dEasQXItcW1xKJ2+gg5VOiBnqWrJc+rq0DPKyvvdbY=
golang.org/x/exp v0.0.0-20241009180824-f66d83c29e7c/go.mod h1:NQtJDoLvd6faHhE7m4T/1IY708gDefGGjR/iUW8yQQ8=
golang.org/x/net v0.30.0 h1:AcW1SDZMkb8IpzCdQUaIq2sP4sZ4zw+55h6ynffypl4=
golang.org/x/net v0.30.0/go.mod h1:2wGyMJ5iFasEhkwi13ChkO/t1ECNC4X4eBKkVFyYFlU=
golang.org/x/sync v0.8.0 h1:3NFvSEYkUoMifnESzZl15y791HH1qU2xm6eCJU5ZPXQ=
golang.org/x/sync v0.8.0/go.mod h1:Czt+wKu1gCyEFDUtn0jG5QVvpJ6rzVqr5aXyt9drQfk=
golang.org/x/sys v0.0.0-20220715151400-c0bba94af5f8/go.mod h1:oPkhp1MJrh7nUepCBck5+mAzfO9JrbApNNgaTdGDITg=
golang.org/x/sys v0.0.0-20220811171246-fbc7d0a398ab/go.mod h1:oPkhp1MJrh7nUepCBck5+mAzfO9JrbApNNgaTdGDITg=
golang.org/x/sys v0.1.0/go.mod h1:oPkhp1MJrh7nUepCBck5+mAzfO9JrbApNNgaTdGDITg=
golang.org/x/sys v0.6.0/go.mod h1:oPkhp1MJrh7nUepCBck5+mAzfO9JrbApNNgaTdGDITg=
golang.org/x/sys v0.26.0 h1:KHjCJyddX0LoSTb3J+vWpupP9p0oznkqVk/IfjymZbo=
golang.org/x/sys v0.26.0/go.mod h1:/VUhepiaJMQUp4+oa/7Zr1D23ma6VTLIYjOOTFZPUcA=
golang.org/x/term v0.25.0 h1:WtHI/ltw4NvSUig5KARz9h521QvRC8RmF/cuYqifU24=
golang.org/x/term v0.25.0/go.mod h1:RPyXicDX+6vLxogjjRxjgD2TKtmAO6NZBsBRfrOLu7M=
golang.org/x/text v0.19.0 h1:kTxAhCbGbxhK0IwgSKiMO5awPoDQ0RpfiVYBfK860YM=
golang.org/x/text v0.19.0/go.mod h1:BuEKDfySbSR4drPmRPG/7iBdf8hvFMuRexcpahXilzY=
google.golang.org/genproto/googleapis/rpc v0.0.0-20241021214115-324edc3d5d38 h1:zciRKQ4kBpFgpfC5QQCVtnnNAcLIqweL7plyZRQHVpI=
google.golang.org/genproto/googleapis/rpc v0.0.0-20241021214115-324edc3d5d38/go.mod h1:GX3210XPVPUjJbTUbvwI8f2IpZDMZuPJWDzDuebbviI=
google.golang.org/grpc v1.67.1 h1:zWnc1Vrcno+lHZCOofnIMvycFcc0QRGIzm9dhnDX68E=
google.golang.org/grpc v1.67.1/go.mod h1:1gLDyUQU7CTLJI90u3nXZ9ekeghjeM7pTDZlqFNg2AA=
google.golang.org/protobuf v1.35.1 h1:m3LfL6/Ca+fqnjnlqQXNpFPABW1UD7mjh8KO2mKFytA=
google.golang.org/protobuf v1.35.1/go.mod h1:9fA7Ob0pmnwhb644+1+CVWFRbNajQ6iRojtC/QF5bRE=
gopkg.in/check.v1 v0.0.0-20161208181325-20d25e280405/go.mod h1:Co6ibVJAznAaIkqp8huTwlJQCZ016jof/cbN4VW5Yz0=
gopkg.in/check.v1 v1.0.0-20201130134442-10cb98267c6c h1:Hei/4ADfdWqJk1ZMxUNpqntNwaWcugrBjAiHlqqRiVk=
gopkg.in/check.v1 v1.0.0-20201130134442-10cb98267c6c/go.mod h1:JHkPIbrfpd72SG/EVd6muEfDQjcINNoR0C8j2r3qZ4Q=
gopkg.in/ini.v1 v1.67.0 h1:Dgnx+6+nfE+IfzjUEISNeydPJh9AXNNsWbGP9KzCsOA=
gopkg.in/ini.v1 v1.67.0/go.mod h1:pNLf8WUiyNEtQjuu5G5vTm06TEv9tsIgeAvK8hOrP4k=
gopkg.in/yaml.v2 v2.4.0 h1:D8xgwECY7CYvx+Y2n4sBz93Jn9JRvxdiyyo8CTfuKaY=
gopkg.in/yaml.v2 v2.4.0/go.mod h1:RDklbk79AGWmwhnvt/jBztapEOGDOx6ZbXqjP6csGnQ=
gopkg.in/yaml.v3 v3.0.0-20200313102051-9f266ea9e77c/go.mod h1:K4uyk7z7BCEPqu6E+C64Yfv1cQ7kz7rIZviUmN+EgEM=
gopkg.in/yaml.v3 v3.0.1 h1:fxVm/GzAzEWqLHuvctI91KS9hhNmmWOoWu0XTYJS7CA=
gopkg.in/yaml.v3 v3.0.1/go.mod h1:K4uyk7z7BCEPqu6E+C64Yfv1cQ7kz7rIZviUmN+EgEM=
