github.com/Azure/azure-sdk-for-go/sdk/azcore v1.7.1 h1:/iHxaJhsFr0+xVFfbMr5vxz848jyiWuIEDhYq3y5odY=
github.com/Azure/azure-sdk-for-go/sdk/azcore v1.7.1/go.mod h1:bjGvMhVMb+EEm3VRNQawDMUyMMjo+S5ewNjflkep/0Q=
github.com/Azure/azure-sdk-for-go/sdk/azidentity v1.3.0 h1:vcYCAze6p19qBW7MhZybIsqD8sMV8js0NyQM8JDnVtg=
github.com/Azure/azure-sdk-for-go/sdk/azidentity v1.3.0/go.mod h1:OQeznEEkTZ9OrhHJoDD8ZDq51FHgXjqtP9z6bEwBq9U=
github.com/Azure/azure-sdk-for-go/sdk/internal v1.3.0 h1:sXr+ck84g/ZlZUOZiNELInmMgOsuGwdjjVkEIde0OtY=
github.com/Azure/azure-sdk-for-go/sdk/internal v1.3.0/go.mod h1:okt5dMMTOFjX/aovMlrjvvXoPMBVSPzk9185BT0+eZM=
github.com/Azure/azure-sdk-for-go/sdk/security/keyvault/azkeys v1.0.0 h1:yfJe15aSwEQ6Oo6J+gdfdulPNoZ3TEhmbhLIoxZcA+U=
github.com/Azure/azure-sdk-for-go/sdk/security/keyvault/azkeys v1.0.0/go.mod h1:Q28U+75mpCaSCDowNEmhIo/rmgdkqmkmzI7N6TGR4UY=
github.com/Azure/azure-sdk-for-go/sdk/security/keyvault/internal v0.8.0 h1:T028gtTPiYt/RMUfs8nVsAL7FDQrfLlrm/NnRG/zcC4=
github.com/Azure/azure-sdk-for-go/sdk/security/keyvault/internal v0.8.0/go.mod h1:cw4zVQgBby0Z5f2v0itn6se2dDP17nTjbZFXW5uPyHA=
github.com/AzureAD/microsoft-authentication-library-for-go v1.1.0 h1:HCc0+LpPfpCKs6LGGLAhwBARt9632unrVcI6i8s/8os=
github.com/AzureAD/microsoft-authentication-library-for-go v1.1.0/go.mod h1:wP83P5OoQ5p6ip3ScPr0BAq0BvuPAvacpEuSzyouqAI=
github.com/aquilax/truncate v1.0.0 h1:UgIGS8U/aZ4JyOJ2h3xcF5cSQ06+gGBnjxH2RUHJe0U=
github.com/aquilax/truncate v1.0.0/go.mod h1:BeMESIDMlvlS3bmg4BVvBbbZUNwWtS8uzYPAKXwwhLw=
github.com/aws/aws-sdk-go-v2 v1.23.3 h1:Q98kldotjjQimJumYc7tjJRBWOefARezGhP8nIlnExE=
github.com/aws/aws-sdk-go-v2 v1.23.3/go.mod h1:6wqGJPusLvL1YYcoxj4vPtACABVl0ydN1sxzBetRcsw=
github.com/aws/aws-sdk-go-v2/config v1.25.9 h1:B04q0cjw4nkynqKsKAusTokhlWH2rOt9NsciQuT1UZE=
github.com/aws/aws-sdk-go-v2/config v1.25.9/go.mod h1:HeYi24CXmvvcFGip8e60q7b0dnrpL6QHn57/eetIW+g=
github.com/aws/aws-sdk-go-v2/credentials v1.16.7 h1:n07M7lmFiEuyefWXkm7OMSFZLit8BDy2qaw+kMEvycw=
github.com/aws/aws-sdk-go-v2/credentials v1.16.7/go.mod h1:i5yksOJbXOIZVqv10vOFZeT4wgdWFWviM3e9iMuTGlQ=
github.com/aws/aws-sdk-go-v2/feature/ec2/imds v1.14.7 h1:Uo0l91jAocWBN8bJzAsAeSLE3WBwGBG9+pbE9zVH5dA=
github.com/aws/aws-sdk-go-v2/feature/ec2/imds v1.14.7/go.mod h1:flStEZ4FT4jfSRGMYaA4gWBU28u5uLJ1CNsSbdhucng=
github.com/aws/aws-sdk-go-v2/internal/configsources v1.2.6 h1:i7OAczGP6jELUbKC8p/qS/LwCc0U3OKZqWQbb8lp0CA=
github.com/aws/aws-sdk-go-v2/internal/configsources v1.2.6/go.mod h1:d8JTl9EfMC8x7cWRUTOBNHTk/GJ9UsqdANQqAAMKo4s=
github.com/aws/aws-sdk-go-v2/internal/endpoints/v2 v2.5.6 h1:1oWfl2FGxd7jYqmxbCZHI634v1FOoCWyBLYj9Imj0wM=
github.com/aws/aws-sdk-go-v2/internal/endpoints/v2 v2.5.6/go.mod h1:9hhwbyCoH/tgJqXTVj/Ef0nGYJVr7+R/pfOx4OZ99KU=
github.com/aws/aws-sdk-go-v2/internal/ini v1.7.1 h1:uR9lXYjdPX0xY+NhvaJ4dD8rpSRz5VY81ccIIoNG+lw=
github.com/aws/aws-sdk-go-v2/internal/ini v1.7.1/go.mod h1:6fQQgfuGmw8Al/3M2IgIllycxV7ZW7WCdVSqfBeUiCY=
github.com/aws/aws-sdk-go-v2/service/internal/accept-encoding v1.10.2 h1:/3LHJKFV+VEIEIZi2I3q4K2wgQwNwAW2t0SXnCCEg28=
github.com/aws/aws-sdk-go-v2/service/internal/accept-encoding v1.10.2/go.mod h1:IfJeNmXVQIpeR7LviG93t479TtAkBqF92cSnyy5yG1o=
github.com/aws/aws-sdk-go-v2/service/internal/presigned-url v1.10.6 h1:8CbUQkqKstwiVI4fz74O7hFfOyQfsA4UuaJtO+X0nX8=
github.com/aws/aws-sdk-go-v2/service/internal/presigned-url v1.10.6/go.mod h1:ssHSTCS9CeO6QDbT5+2e6shPpZhzLNSwI5KvgH9rKdM=
github.com/aws/aws-sdk-go-v2/service/sqs v1.29.0 h1:qrQaHqKpFbhtWcFc4yhHrzOyn1rR5CIWa2KvWjW85CQ=
github.com/aws/aws-sdk-go-v2/service/sqs v1.29.0/go.mod h1:xjrl8GIukUoqhZdCXS93ji0WQFmLOxnMCBH7l/Z8YJw=
github.com/aws/aws-sdk-go-v2/service/sso v1.18.0 h1:JX7BhiMtfBARMib+HHKwBJIT9KOJ1Pd3WCuMTawlFGg=
github.com/aws/aws-sdk-go-v2/service/sso v1.18.0/go.mod h1:Ue5IlnFHeOoLpNXylq+J3Ue3Fq8MjAcSuh8wCqSHKQ0=
github.com/aws/aws-sdk-go-v2/service/ssooidc v1.21.0 h1:ffOjyqfqEgqZv5zeXfaLaUKofqoSP3znpWxUKkRbBc4=
github.com/aws/aws-sdk-go-v2/service/ssooidc v1.21.0/go.mod h1:FTwjnnqupa0CRANldhsnRVgzaPzhAy/XZYddy06JOLU=
github.com/aws/aws-sdk-go-v2/service/sts v1.26.0 h1:E0i/PbCoOu04ichWZfLoSgidxkHh7HGfC8l9HWdALi8=
github.com/aws/aws-sdk-go-v2/service/sts v1.26.0/go.mod h1:YHpL2uHCmZtSkDJYc2gG0LSZkeColBGi2TZyCFG8GmE=
github.com/aws/smithy-go v1.18.0 h1:uWqjOwPEqjzmQXpwm/8cwUWTmFhT9Ypc8tECXrshDsI=
github.com/aws/smithy-go v1.18.0/go.mod h1:NukqUGpCZIILqqiV0NIjeFh24kd/FAa4beRb6nbIUPE=
github.com/beorn7/perks v1.0.1 h1:VlbKKnNfV8bJzeqoa4cOKqO6bYr3WgKZxO8Z16+hsOM=
github.com/beorn7/perks v1.0.1/go.mod h1:G2ZrVWU2WbWT9wwq4/hrbKbnv/1ERSJQ0ibhJ6rlkpw=
github.com/cespare/xxhash/v2 v2.2.0 h1:DC2CZ1Ep5Y4k3ZQ899DldepgrayRUGE6BBZ/cd9Cj44=
github.com/cespare/xxhash/v2 v2.2.0/go.mod h1:VGX0DQ3Q6kWi7AoAeZDth3/j3BFtOZR5XLFGgcrjCOs=
github.com/cpuguy83/go-md2man/v2 v2.0.3 h1:qMCsGGgs+MAzDFyp9LpAe1Lqy/fY/qCovCm0qnXZOBM=
github.com/cpuguy83/go-md2man/v2 v2.0.3/go.mod h1:tgQtvFlXSQOSOSIRvRPT7W67SCa46tRHOmNcaadrF8o=
github.com/creack/pty v1.1.21 h1:1/QdRyBaHHJP61QkWMXlOIBfsgdDeeKfK8SYVUWJKf0=
github.com/creack/pty v1.1.21/go.mod h1:MOBLtS5ELjhRRrroQr9kyvTxUAFNvYEK993ew/Vr4O4=
github.com/davecgh/go-spew v1.1.0/go.mod h1:J7Y8YcW2NihsgmVo/mv3lAwl/skON4iLHjSsI+c5H38=
github.com/davecgh/go-spew v1.1.1/go.mod h1:J7Y8YcW2NihsgmVo/mv3lAwl/skON4iLHjSsI+c5H38=
github.com/davecgh/go-spew v1.1.2-0.20180830191138-d8f796af33cc h1:U9qPSI2PIWSS1VwoXQT9A3Wy9MM3WgvqSxFWenqJduM=
github.com/davecgh/go-spew v1.1.2-0.20180830191138-d8f796af33cc/go.mod h1:J7Y8YcW2NihsgmVo/mv3lAwl/skON4iLHjSsI+c5H38=
github.com/dlclark/regexp2 v1.10.0 h1:+/GIL799phkJqYW+3YbOd8LCcbHzT0Pbo8zl70MHsq0=
github.com/dlclark/regexp2 v1.10.0/go.mod h1:DHkYz0B9wPfa6wondMfaivmHpzrQ3v9q8cnmRbL6yW8=
github.com/docktermj/cloudshell v0.2.0 h1:cDt4+A0LOHUy/odwUEs1u4gPxY2yAow+XlPBnS0rhqQ=
github.com/docktermj/cloudshell v0.2.0/go.mod h1:EJ4boCOLil6MIghSCwOf+/ue5Ci5Ag3AIDNoigTzM1c=
github.com/fatih/color v1.16.0 h1:zmkK9Ngbjj+K0yRhTVONQh1p/HknKYSlNT+vZCzyokM=
github.com/fatih/color v1.16.0/go.mod h1:fL2Sau1YI5c0pdGEVCbKQbLXB6edEj1ZgiY4NijnWvE=
github.com/flowchartsman/swaggerui v0.0.0-20221017034628-909ed4f3701b h1:oy54yVy300Db264NfQCJubZHpJOl+SoT6udALQdFbSI=
github.com/flowchartsman/swaggerui v0.0.0-20221017034628-909ed4f3701b/go.mod h1:/RJwPD5L4xWgCbqQ1L5cB12ndgfKKT54n9cZFf+8pus=
github.com/frankban/quicktest v1.14.6 h1:7Xjx+VpznH+oBnejlPUj8oUpdxnVs4f8XU8WnHkI4W8=
github.com/frankban/quicktest v1.14.6/go.mod h1:4ptaffx2x8+WTWXmUCuVU6aPUX1/Mz7zb5vbUoiM6w0=
github.com/fsnotify/fsnotify v1.7.0 h1:8JEhPFa5W2WU7YfeZzPNqzMP6Lwt7L2715Ggo0nosvA=
github.com/fsnotify/fsnotify v1.7.0/go.mod h1:40Bi/Hjc2AVfZrqy+aj+yEI+/bRxZnMJyTJwOpGvigM=
github.com/ghodss/yaml v1.0.0 h1:wQHKEahhL6wmXdzwWG11gIVCkOv05bNOh+Rxn0yngAk=
github.com/ghodss/yaml v1.0.0/go.mod h1:4dBDuWmgqj2HViK6kFavaiC9ZROes6MMH2rRYeMEF04=
github.com/go-faster/errors v0.7.0 h1:UnD/xusnfUgtEYkgRZohqL2AfmPTwv13NAJwwFFaNYc=
github.com/go-faster/errors v0.7.0/go.mod h1:5ySTjWFiphBs07IKuiL69nxdfd5+fzh1u7FPGZP2quo=
github.com/go-faster/jx v1.1.0 h1:ZsW3wD+snOdmTDy9eIVgQdjUpXRRV4rqW8NS3t+20bg=
github.com/go-faster/jx v1.1.0/go.mod h1:vKDNikrKoyUmpzaJ0OkIkRQClNHFX/nF3dnTJZb3skg=
github.com/go-faster/yaml v0.4.6 h1:lOK/EhI04gCpPgPhgt0bChS6bvw7G3WwI8xxVe0sw9I=
github.com/go-faster/yaml v0.4.6/go.mod h1:390dRIvV4zbnO7qC9FGo6YYutc+wyyUSHBgbXL52eXk=
github.com/go-logr/logr v1.2.2/go.mod h1:jdQByPbusPIv2/zmleS9BjJVeZ6kBagPoEUsqbVz/1A=
github.com/go-logr/logr v1.3.0 h1:2y3SDp0ZXuc6/cjLSZ+Q3ir+QB9T/iG5yYRXqsagWSY=
github.com/go-logr/logr v1.3.0/go.mod h1:9T104GzyrTigFIr8wt5mBrctHMim0Nb2HLGrmQ40KvY=
github.com/go-logr/stdr v1.2.2 h1:hSWxHoqTgW2S2qGc0LTAI563KZ5YKYRhT3MFKZMbjag=
github.com/go-logr/stdr v1.2.2/go.mod h1:mMo/vtBO5dYbehREoey6XUKy/eSumjCCveDpRre4VKE=
github.com/go-sql-driver/mysql v1.7.1 h1:lUIinVbN1DY0xBg0eMOzmmtGoHwWBbvnWubQUrtU8EI=
github.com/go-sql-driver/mysql v1.7.1/go.mod h1:OXbVy3sEdcQ2Doequ6Z5BW6fXNQTmx+9S1MCJN5yJMI=
github.com/golang-jwt/jwt/v5 v5.0.0 h1:1n1XNM9hk7O9mnQoNBGolZvzebBQ7p93ULHRc28XJUE=
github.com/golang-jwt/jwt/v5 v5.0.0/go.mod h1:pqrtFR0X4osieyHYxtmOUWsAWrfe1Q5UVIyoH402zdk=
github.com/golang-sql/civil v0.0.0-20220223132316-b832511892a9 h1:au07oEsX2xN0ktxqI+Sida1w446QrXBRJ0nee3SNZlA=
github.com/golang-sql/civil v0.0.0-20220223132316-b832511892a9/go.mod h1:8vg3r2VgvsThLBIFL93Qb5yWzgyZWhEmBwUJWevAkK0=
github.com/golang-sql/sqlexp v0.1.0 h1:ZCD6MBpcuOVfGVqsEmY5/4FtYiKz6tSyUv9LPEDei6A=
github.com/golang-sql/sqlexp v0.1.0/go.mod h1:J4ad9Vo8ZCWQ2GMrC4UCQy1JpCbwU9m3EOqtpKwwwHI=
github.com/golang/protobuf v1.5.0/go.mod h1:FsONVRAS9T7sI+LIUmWTfcYkHO4aIWwzhcaSAoJOfIk=
github.com/golang/protobuf v1.5.3 h1:KhyjKVUg7Usr/dYsdSqoFveMYd5ko72D+zANwlG1mmg=
github.com/golang/protobuf v1.5.3/go.mod h1:XVQd3VNwM+JqD3oG2Ue2ip4fOMUkwXdXDdiuN0vRsmY=
github.com/google/go-cmp v0.5.5/go.mod h1:v8dTdLbMG2kIc/vJvl+f65V22dbkXbowE6jgT/gNBxE=
github.com/google/go-cmp v0.6.0 h1:ofyhxvXcZhMsU5ulbFiLKl/XBFqE1GSq7atu8tAmTRI=
github.com/google/go-cmp v0.6.0/go.mod h1:17dUlkBOakJ0+DkrSSNjCkIjxS6bF9zb3elmeNGIjoY=
github.com/google/uuid v1.4.0 h1:MtMxsa51/r9yyhkyLsVeVt0B+BGQZzpQiTQ4eHZ8bc4=
github.com/google/uuid v1.4.0/go.mod h1:TIyPZe4MgqvfeYDBFedMoGGpEw/LqOeaOT+nhxU+yHo=
github.com/gorilla/websocket v1.5.1 h1:gmztn0JnHVt9JZquRuzLw3g4wouNVzKL15iLr/zn/QY=
github.com/gorilla/websocket v1.5.1/go.mod h1:x3kM2JMyaluk02fnUJpQuwD2dCS5NDG2ZHL0uE0tcaY=
github.com/hashicorp/hcl v1.0.0 h1:0Anlzjpi4vEasTeNFn2mLJgTSwt0+6sfsiTG8qcWGx4=
github.com/hashicorp/hcl v1.0.0/go.mod h1:E5yfLk+7swimpb2L/Alb/PJmXilQ/rhwaUYs4T20WEQ=
github.com/inconshreveable/mousetrap v1.1.0 h1:wN+x4NVGpMsO7ErUn/mUI3vEoE6Jt13X2s0bqwp9tc8=
github.com/inconshreveable/mousetrap v1.1.0/go.mod h1:vpF70FUmC8bwa3OWnCshd2FqLfsEA9PFc4w1p2J65bw=
github.com/kr/pretty v0.1.0/go.mod h1:dAy3ld7l9f0ibDNOQOHHMYYIIbhfbHSm3C4ZsoJORNo=
github.com/kr/pretty v0.3.1 h1:flRD4NNwYAUpkphVc1HcthR4KEIFJ65n8Mw5qdRn3LE=
github.com/kr/pretty v0.3.1/go.mod h1:hoEshYVHaxMs3cyo3Yncou5ZscifuDolrwPKZanG3xk=
github.com/kr/pty v1.1.1/go.mod h1:pFQYn66WHrOpPYNljwOMqo10TkYh1fy3cYio2l3bCsQ=
github.com/kr/text v0.1.0/go.mod h1:4Jbv+DJW3UT/LiOwJeYQe1efqtUx/iVham/4vfdArNI=
github.com/kr/text v0.2.0 h1:5Nx0Ya0ZqY2ygV366QzturHI13Jq95ApcVaJBhpS+AY=
github.com/kr/text v0.2.0/go.mod h1:eLer722TekiGuMkidMxC/pM04lWEeraHUUmBw8l2grE=
github.com/kylelemons/godebug v1.1.0 h1:RPNrshWIDI6G2gRW9EHilWtl7Z6Sb1BR0xunSBf0SNc=
github.com/kylelemons/godebug v1.1.0/go.mod h1:9/0rRGxNHcop5bhtWyNeEfOS8JIWk580+fNqagV/RAw=
github.com/lib/pq v1.10.9 h1:YXG7RB+JIjhP29X+OtkiDnYaXQwpS4JEWq7dtCCRUEw=
github.com/lib/pq v1.10.9/go.mod h1:AlVN5x4E4T544tWzH6hKfbfQvm3HdbOxrmggDNAPY9o=
github.com/magiconair/properties v1.8.7 h1:IeQXZAiQcpL9mgcAe1Nu6cX9LLw6ExEHKjN0VQdvPDY=
github.com/magiconair/properties v1.8.7/go.mod h1:Dhd985XPs7jluiymwWYZ0G4Z61jb3vdS329zhj2hYo0=
github.com/mattn/go-colorable v0.1.13 h1:fFA4WZxdEF4tXPZVKMLwD8oUnCTTo08duU7wxecdEvA=
github.com/mattn/go-colorable v0.1.13/go.mod h1:7S9/ev0klgBDR4GtXTXX8a3vIGJpMovkB8vQcUbaXHg=
github.com/mattn/go-isatty v0.0.16/go.mod h1:kYGgaQfpe5nmfYZH+SKPsOc2e4SrIfOl2e/yFXSvRLM=
github.com/mattn/go-isatty v0.0.20 h1:xfD0iDuEKnDkl03q4limB+vH+GxLEtL/jb4xVJSWWEY=
github.com/mattn/go-isatty v0.0.20/go.mod h1:W+V8PltTTMOvKvAeJH7IuucS94S2C6jfK/D7dTCTo3Y=
github.com/mattn/go-sqlite3 v1.14.18 h1:JL0eqdCOq6DJVNPSvArO/bIV9/P7fbGrV00LZHc+5aI=
github.com/mattn/go-sqlite3 v1.14.18/go.mod h1:2eHXhiwb8IkHr+BDWZGa96P6+rkvnG63S2DGjv9HUNg=
github.com/matttproud/golang_protobuf_extensions/v2 v2.0.0 h1:jWpvCLoY8Z/e3VKvlsiIGKtc+UG6U5vzxaoagmhXfyg=
github.com/matttproud/golang_protobuf_extensions/v2 v2.0.0/go.mod h1:QUyp042oQthUoa9bqDv0ER0wrtXnBruoNd7aNjkbP+k=
github.com/microsoft/go-mssqldb v1.6.0 h1:mM3gYdVwEPFrlg/Dvr2DNVEgYFG7L42l+dGc67NNNpc=
github.com/microsoft/go-mssqldb v1.6.0/go.mod h1:00mDtPbeQCRGC1HwOOR5K/gr30P1NcEG0vx6Kbv2aJU=
github.com/mitchellh/mapstructure v1.5.0 h1:jeMsZIYE/09sWLaz43PL7Gy6RuMjD2eJVyuac5Z2hdY=
github.com/mitchellh/mapstructure v1.5.0/go.mod h1:bFUtVrKA4DC2yAKiSyO/QUcy7e+RRV2QTWOzhPopBRo=
github.com/ogen-go/ogen v0.78.0 h1:3OIlrvdmVQ4LfoayxbdyLa4cGbtrACW0XxpdRfYzQfs=
github.com/ogen-go/ogen v0.78.0/go.mod h1:xc4jgbzGEEMvnVumt1uBMP9HQNV45UMs3SjAukxxo8I=
github.com/pelletier/go-toml/v2 v2.1.0 h1:FnwAJ4oYMvbT/34k9zzHuZNrhlz48GB3/s6at6/MHO4=
github.com/pelletier/go-toml/v2 v2.1.0/go.mod h1:tJU2Z3ZkXwnxa4DPO899bsyIoywizdUvyaeZurnPPDc=
github.com/pkg/browser v0.0.0-20210911075715-681adbf594b8 h1:KoWmjvw+nsYOo29YJK9vDA65RGE3NrOnUtO7a+RF9HU=
github.com/pkg/browser v0.0.0-20210911075715-681adbf594b8/go.mod h1:HKlIX3XHQyzLZPlr7++PzdhaXEj94dEiJgZDTsxEqUI=
github.com/pmezard/go-difflib v1.0.0/go.mod h1:iKH77koFhYxTK1pcRnkKkqfTogsbg7gZNVY4sRDYZ/4=
github.com/pmezard/go-difflib v1.0.1-0.20181226105442-5d4384ee4fb2 h1:Jamvg5psRIccs7FGNTlIRMkT8wgtp5eCXdBlqhYGL6U=
github.com/pmezard/go-difflib v1.0.1-0.20181226105442-5d4384ee4fb2/go.mod h1:iKH77koFhYxTK1pcRnkKkqfTogsbg7gZNVY4sRDYZ/4=
github.com/prometheus/client_golang v1.17.0 h1:rl2sfwZMtSthVU752MqfjQozy7blglC+1SOtjMAMh+Q=
github.com/prometheus/client_golang v1.17.0/go.mod h1:VeL+gMmOAxkS2IqfCq0ZmHSL+LjWfWDUmp1mBz9JgUY=
github.com/prometheus/client_model v0.5.0 h1:VQw1hfvPvk3Uv6Qf29VrPF32JB6rtbgI6cYPYQjL0Qw=
github.com/prometheus/client_model v0.5.0/go.mod h1:dTiFglRmd66nLR9Pv9f0mZi7B7fk5Pm3gvsjB5tr+kI=
github.com/prometheus/common v0.45.0 h1:2BGz0eBc2hdMDLnO/8n0jeB3oPrt2D08CekT0lneoxM=
github.com/prometheus/common v0.45.0/go.mod h1:YJmSTw9BoKxJplESWWxlbyttQR4uaEcGyv9MZjVOJsY=
github.com/prometheus/procfs v0.12.0 h1:jluTpSng7V9hY0O2R9DzzJHYb2xULk9VTR1V1R/k6Bo=
github.com/prometheus/procfs v0.12.0/go.mod h1:pcuDEFsWDnvcgNzo4EEweacyhjeA9Zk3cnaOZAZEfOo=
github.com/rabbitmq/amqp091-go v1.9.0 h1:qrQtyzB4H8BQgEuJwhmVQqVHB9O4+MNDJCCAcpc3Aoo=
github.com/rabbitmq/amqp091-go v1.9.0/go.mod h1:+jPrT9iY2eLjRaMSRHUhc3z14E/l85kv/f+6luSD3pc=
github.com/rogpeppe/go-internal v1.10.0 h1:TMyTOH3F/DB16zRVcYyreMH6GnZZrwQVAoYjRBZyWFQ=
github.com/rogpeppe/go-internal v1.10.0/go.mod h1:UQnix2H7Ngw/k4C5ijL5+65zddjncjaFoBhdsK/akog=
github.com/roncewind/go-util v0.0.5 h1:SiXs7Si68b/5paClS7QPyJ4yDnOQ3lJdi7SXhxgjBFo=
github.com/roncewind/go-util v0.0.5/go.mod h1:3W93f0MuKIQJA21OqGPcjzw87zc1TFFTn/O0lWB2Ahg=
github.com/russross/blackfriday/v2 v2.1.0 h1:JIOH55/0cWyOuilr9/qlrm0BSXldqnqwMsf35Ld67mk=
github.com/russross/blackfriday/v2 v2.1.0/go.mod h1:+Rmxgy9KzJVeS9/2gXHxylqXiyQDYRxCVz55jmeOWTM=
github.com/sagikazarmark/locafero v0.4.0 h1:HApY1R9zGo4DBgr7dqsTH/JJxLTTsOt7u6keLGt6kNQ=
github.com/sagikazarmark/locafero v0.4.0/go.mod h1:Pe1W6UlPYUk/+wc/6KFhbORCfqzgYEpgQ3O5fPuL3H4=
github.com/sagikazarmark/slog-shim v0.1.0 h1:diDBnUNK9N/354PgrxMywXnAwEr1QZcOr6gto+ugjYE=
github.com/sagikazarmark/slog-shim v0.1.0/go.mod h1:SrcSrq8aKtyuqEI1uvTDTK1arOWRIczQRv+GVI1AkeQ=
github.com/segmentio/asm v1.2.0 h1:9BQrFxC+YOHJlTlHGkTrFWf59nbL3XnCoFLTwDCI7ys=
github.com/segmentio/asm v1.2.0/go.mod h1:BqMnlJP91P8d+4ibuonYZw9mfnzI9HfxselHZr5aAcs=
github.com/senzing/check-self v0.0.3 h1:OqtKYZp+M1MzflnNwEGqz32tEkeTn2LrkPjp862kctM=
github.com/senzing/check-self v0.0.3/go.mod h1:HwXqKloJWFrJStPISlW2Pn5JAGEzXSnauACDklWhxG0=
github.com/senzing/demo-entity-search v0.0.3 h1:K6YUBplYQuZf2WzxuqqdclOicCK7X90V5dSJidFxKao=
github.com/senzing/demo-entity-search v0.0.3/go.mod h1:snA60Ov3sOXTgZ0isVghj+RPb6ywf60JxJZPtKvsFh4=
github.com/senzing/explain v0.1.5 h1:zDnYd9sg1aZxpLAagFQ9JJnN5GR6eP+SEZ06Q8yG0k0=
github.com/senzing/explain v0.1.5/go.mod h1:6gaKW64t6UKl3LQFT0JMdWjqdefJT2pPzzVfBHc3KMY=
github.com/senzing/g2-sdk-go v0.7.4 h1:mHqebLxh6/tTQ4tC3ETHra2iX1IbmqOyX54wJcgsZtw=
github.com/senzing/g2-sdk-go v0.7.4/go.mod h1:WgI/sfSWZOU0ZDalrAPOlhlOKfN957VwohX+bvUA6pc=
github.com/senzing/g2-sdk-go-base v0.3.3 h1:/Bty7D1x07vnStv7ASw6mUxvCxB8kAK+Ip6BfTI5r8k=
github.com/senzing/g2-sdk-go-base v0.3.3/go.mod h1:WHzGYn7wB5cGqLzXsB6AFe7k7egGw3xKhI4Yeg7agYM=
github.com/senzing/g2-sdk-go-grpc v0.4.3 h1:rH8MQSEWDyeC8eC1k+V4Q48ChvntJA4ghxYjARw06CM=
github.com/senzing/g2-sdk-go-grpc v0.4.3/go.mod h1:I0evV+tQhRMnQgC1xZH++knX0hj97PLQFo4pJi2klJg=
github.com/senzing/g2-sdk-json-type-definition v0.1.1 h1:o0TRW8jDXTryOKQxI8aID7qU5qH2E28khTKHt5fXmeI=
github.com/senzing/g2-sdk-json-type-definition v0.1.1/go.mod h1:GAd5aNUp/hwnnHjTwRylmVeNyvLHK+QaeJ25ovuUsJI=
github.com/senzing/g2-sdk-proto/go v0.0.0-20231016131354-0d0fba649357 h1:RndQ+ieTIjXZPizfOLM8l66ulVVbOKJMVH15U2cmHEw=
github.com/senzing/g2-sdk-proto/go v0.0.0-20231016131354-0d0fba649357/go.mod h1:Ux8LjqUsKd/Xie4i+2PHMulY2vlSubmmVatjQta3JqA=
github.com/senzing/go-cmdhelping v0.1.9 h1:hUU7YH7BPeh8BmrH1WlrS/EfXmTeX3RY2zEv7rUM/6M=
github.com/senzing/go-cmdhelping v0.1.9/go.mod h1:n2BQAfW7+Er8Y4xobhNUZkuP1PWnHKsdqRxTC/IE4vc=
github.com/senzing/go-common v0.3.2-0.20231018174900-c1895fb44c30 h1:QuWhLzqWxhPcUsZ070+iGv1PQD5gXjSqBlV9BqjtbEE=
github.com/senzing/go-common v0.3.2-0.20231018174900-c1895fb44c30/go.mod h1:PP9drKo/ouIbtB4+eHMT6hDeUoMX1SVuU1uqklZGgLo=
github.com/senzing/go-databasing v0.3.1 h1:h86YbANFz3zCnftoMzQxSgj2Hwxu77ylgTmrnyr8SH4=
github.com/senzing/go-databasing v0.3.1/go.mod h1:099y86XIe+IwQIsXPjyZMeJN9c/WbVnGPX1Q+wH5OtA=
github.com/senzing/go-grpcing v0.1.3 h1:8vh4M4ComQlNumjjM+8LnVgurGKEtwivWBaUIxJYANI=
github.com/senzing/go-grpcing v0.1.3/go.mod h1:IQ9sP9101OmCHTOW0A5MtkpG97V4IMl7g9E3lKLpodk=
github.com/senzing/go-logging v1.3.3 h1:K5UjkOuLhDr6xMW5J6v8aHig1tRFGtzecNzaVmln1oQ=
github.com/senzing/go-logging v1.3.3/go.mod h1:Sx1KFxNyMpDDh8AhsTuwPO8kM/VtIoe9NCG+qLtDRtU=
github.com/senzing/go-messaging v1.3.3 h1:v3Rff25+ABabP1fXAkiT1rSeFDkhqGOj01ZQrxIEdQo=
github.com/senzing/go-messaging v1.3.3/go.mod h1:61zH2SStja2P9o8mEKpgaUJYerGjWumzIoFQIAZdIag=
github.com/senzing/go-observing v0.2.8 h1:TYm6e4IMqH4Oi0jeGu/1rUB8/8C2ZUgIfi6s8Eg+B6k=
github.com/senzing/go-observing v0.2.8/go.mod h1:gURhD/uI3RMPZK7TBE96OYBAVwGxGx5zRfh+TEKePk0=
github.com/senzing/go-queueing v0.1.4 h1:usY7hgL5L0W2cAw2MqBIrWCCPm0MfanMEC53ubhYs0A=
github.com/senzing/go-queueing v0.1.4/go.mod h1:XHLxi+sYd/Ou80LafLTgsZJhOJXOd7ZcuHx95GmPuJY=
github.com/senzing/go-rest-api-service v0.1.1 h1:5pLcyYgzQsJ9p7n/+m7iwOkskv2p0CDxjatTYpt8ErA=
github.com/senzing/go-rest-api-service v0.1.1/go.mod h1:IV3wMuWM0MoB8HNFSq4KRbs5rSe2q3SjyzvD5yrdwwA=
github.com/senzing/go-sdk-abstract-factory v0.4.3 h1:NyRBuV/3iRmLoqVPtmSupDYebONQQOsrZygh56WGcfM=
github.com/senzing/go-sdk-abstract-factory v0.4.3/go.mod h1:+N04uzw1kbh4aVPf6N/JhicedGmO+g6q9xYrVXj4QUI=
github.com/senzing/init-database v0.4.3 h1:H8R80U0VsLWhcsI7Ygat8kldiHSpRIwpVlBX8BjxLc0=
github.com/senzing/init-database v0.4.3/go.mod h1:Js2hz9ZXdqlTqFMKQGZYfAa64hZvnZYmxmCix2nDKJE=
github.com/senzing/load v0.0.4 h1:tebuPiljj5sM4Fjwg1MpiuPFll9LdG8d1pC0WO6GjC8=
github.com/senzing/load v0.0.4/go.mod h1:X/Oij+au/mZirFZtIyZirjkidGhEk99uOcWM4bq6tVw=
github.com/senzing/move v0.0.7 h1:uyNPBAN6JGMKch2xg5LyRnhYduqaLOC+mJSW9kc7K6g=
github.com/senzing/move v0.0.7/go.mod h1:9/LzPKytMIPcMLt7Z6sSxTpUNABQjYGu4WQ524agKRA=
github.com/senzing/observe v0.1.4 h1:hu2vXS33KCk3nRKFowxRjj8MJmc2cxeQ0ES3/2WqjV0=
github.com/senzing/observe v0.1.4/go.mod h1:WeXJV5DQjGj1wTUhxg/ge8qxYy+GA1KEgbAVc2R8uW4=
github.com/senzing/serve-grpc v0.5.4 h1:QuDQf3FiGEU8Ri1fvc+2hoS/QJB2CsPbpUaMvFkw/a0=
github.com/senzing/serve-grpc v0.5.4/go.mod h1:L0yzJyks7icJNvUR/hQd5O2fG7zxRi/iXF8PoixVuMk=
github.com/senzing/serve-http v0.1.2 h1:y+4LhlEwUYKIs6BU4JOs+2auwxKvt4NuIK6kAoFHF70=
github.com/senzing/serve-http v0.1.2/go.mod h1:vMuaBlKsU86ycWTfWmbelCwR4ykkGaWXn/+rFAJJ75Q=
github.com/senzing/validate v0.0.5 h1:ezHHYeafibH9/L7WaUWn3uUMv1ALvaQw8uM+Azl0ifk=
github.com/senzing/validate v0.0.5/go.mod h1:vGRkp00JOv7ouk5od5zUBCB9WA/8ZnD/O6FIfMkyJy0=
github.com/sirupsen/logrus v1.9.3 h1:dueUQJ1C2q9oE3F7wvmSGAaVtTmUizReu6fjN8uqzbQ=
github.com/sirupsen/logrus v1.9.3/go.mod h1:naHLuLoDiP4jHNo9R0sCBMtWGeIprob74mVsIT4qYEQ=
github.com/sourcegraph/conc v0.3.0 h1:OQTbbt6P72L20UqAkXXuLOj79LfEanQ+YQFNpLA9ySo=
github.com/sourcegraph/conc v0.3.0/go.mod h1:Sdozi7LEKbFPqYX2/J+iBAM6HpqSLTASQIKqDmF7Mt0=
github.com/spf13/afero v1.11.0 h1:WJQKhtpdm3v2IzqG8VMqrr6Rf3UYpEF239Jy9wNepM8=
github.com/spf13/afero v1.11.0/go.mod h1:GH9Y3pIexgf1MTIWtNGyogA5MwRIDXGUr+hbWNoBjkY=
github.com/spf13/cast v1.6.0 h1:GEiTHELF+vaR5dhz3VqZfFSzZjYbgeKDpBxQVS4GYJ0=
github.com/spf13/cast v1.6.0/go.mod h1:ancEpBxwJDODSW/UG4rDrAqiKolqNNh2DX3mk86cAdo=
github.com/spf13/cobra v1.8.0 h1:7aJaZx1B85qltLMc546zn58BxxfZdR/W22ej9CFoEf0=
github.com/spf13/cobra v1.8.0/go.mod h1:WXLWApfZ71AjXPya3WOlMsY9yMs7YeiHhFVlvLyhcho=
github.com/spf13/pflag v1.0.5 h1:iy+VFUOCP1a+8yFto/drg2CJ5u0yRoB7fZw3DKv/JXA=
github.com/spf13/pflag v1.0.5/go.mod h1:McXfInJRrz4CZXVZOBLb0bTZqETkiAhM9Iw0y3An2Bg=
github.com/spf13/viper v1.17.0 h1:I5txKw7MJasPL/BrfkbA0Jyo/oELqVmux4pR/UxOMfI=
github.com/spf13/viper v1.17.0/go.mod h1:BmMMMLQXSbcHK6KAOiFLz0l5JHrU89OdIRHvsk0+yVI=
github.com/stretchr/objx v0.1.0/go.mod h1:HFkY916IF+rwdDfMAkV7OtwuqBVzrE8GR6GFx+wExME=
github.com/stretchr/objx v0.4.0/go.mod h1:YvHI0jy2hoMjB+UWwv71VJQ9isScKT/TqJzVSSt89Yw=
github.com/stretchr/objx v0.5.0/go.mod h1:Yh+to48EsGEfYuaHDzXPcE3xhTkx73EhmCGUpEOglKo=
github.com/stretchr/testify v1.7.0/go.mod h1:6Fq8oRcR53rry900zMqJjRRixrwX3KX962/h/Wwjteg=
github.com/stretchr/testify v1.7.1/go.mod h1:6Fq8oRcR53rry900zMqJjRRixrwX3KX962/h/Wwjteg=
github.com/stretchr/testify v1.8.0/go.mod h1:yNjHg4UonilssWZ8iaSj1OCr/vHnekPRkoO+kdMU+MU=
github.com/stretchr/testify v1.8.4 h1:CcVxjf3Q8PM0mHUKJCdn+eZZtm5yQwehR5yeSVQQcUk=
github.com/stretchr/testify v1.8.4/go.mod h1:sz/lmYIOXD/1dqDmKjjqLyZ2RngseejIcXlSw2iwfAo=
github.com/subosito/gotenv v1.6.0 h1:9NlTDc1FTs4qu0DDq7AEtTPNw6SVm7uBMsUCUjABIf8=
github.com/subosito/gotenv v1.6.0/go.mod h1:Dk4QP5c2W3ibzajGcXpNraDfq2IrhjMIvMSWPKKo0FU=
go.opentelemetry.io/otel v1.21.0 h1:hzLeKBZEL7Okw2mGzZ0cc4k/A7Fta0uoPgaJCr8fsFc=
go.opentelemetry.io/otel v1.21.0/go.mod h1:QZzNPQPm1zLX4gZK4cMi+71eaorMSGT3A4znnUvNNEo=
go.opentelemetry.io/otel/metric v1.21.0 h1:tlYWfeo+Bocx5kLEloTjbcDwBuELRrIFxwdQ36PlJu4=
go.opentelemetry.io/otel/metric v1.21.0/go.mod h1:o1p3CA8nNHW8j5yuQLdc1eeqEaPfzug24uvsyIEJRWM=
go.opentelemetry.io/otel/trace v1.21.0 h1:WD9i5gzvoUPuXIXH24ZNBudiarZDKuekPqi/E8fpfLc=
go.opentelemetry.io/otel/trace v1.21.0/go.mod h1:LGbsEB0f9LGjN+OZaQQ26sohbOmiMR+BaslueVtS/qQ=
go.uber.org/goleak v1.2.1 h1:NBol2c7O1ZokfZ0LEU9K6Whx/KnwvepVetCUhtKja4A=
go.uber.org/goleak v1.2.1/go.mod h1:qlT2yGI9QafXHhZZLxlSuNsMw3FFLxBr+tBRlmO1xH4=
go.uber.org/multierr v1.11.0 h1:blXXJkSxSSfBVBlC76pxqeO+LN3aDfLQo+309xJstO0=
go.uber.org/multierr v1.11.0/go.mod h1:20+QtiLqy0Nd6FdQB9TLXag12DsQkrbs3htMFfDN80Y=
go.uber.org/zap v1.26.0 h1:sI7k6L95XOKS281NhVKOFCUNIvv9e0w4BF8N3u+tCRo=
go.uber.org/zap v1.26.0/go.mod h1:dtElttAiwGvoJ/vj4IwHBS/gXsEu/pZ50mUIRWuG0so=
golang.org/x/crypto v0.16.0 h1:mMMrFzRSCF0GvB7Ne27XVtVAaXLrPmgPC7/v0tkwHaY=
golang.org/x/crypto v0.16.0/go.mod h1:gCAAfMLgwOJRpTjQ2zCCt2OcSfYMTeZVSRtQlPC7Nq4=
golang.org/x/exp v0.0.0-20231127185646-65229373498e h1:Gvh4YaCaXNs6dKTlfgismwWZKyjVZXwOPfIyUaqU3No=
golang.org/x/exp v0.0.0-20231127185646-65229373498e/go.mod h1:iRJReGqOEeBhDZGkGbynYwcHlctCvnjTYIamk7uXpHI=
golang.org/x/net v0.19.0 h1:zTwKpTd2XuCqf8huc7Fo2iSy+4RHPd10s4KzeTnVr1c=
golang.org/x/net v0.19.0/go.mod h1:CfAk/cbD4CthTvqiEl8NpboMuiuOYsAr/7NOjZJtv1U=
golang.org/x/sync v0.5.0 h1:60k92dhOjHxJkrqnwsfl8KuaHbn/5dl0lUPUklKo3qE=
golang.org/x/sync v0.5.0/go.mod h1:Czt+wKu1gCyEFDUtn0jG5QVvpJ6rzVqr5aXyt9drQfk=
golang.org/x/sys v0.0.0-20210616045830-e2b7044e8c71/go.mod h1:oPkhp1MJrh7nUepCBck5+mAzfO9JrbApNNgaTdGDITg=
golang.org/x/sys v0.0.0-20220715151400-c0bba94af5f8/go.mod h1:oPkhp1MJrh7nUepCBck5+mAzfO9JrbApNNgaTdGDITg=
golang.org/x/sys v0.0.0-20220811171246-fbc7d0a398ab/go.mod h1:oPkhp1MJrh7nUepCBck5+mAzfO9JrbApNNgaTdGDITg=
golang.org/x/sys v0.6.0/go.mod h1:oPkhp1MJrh7nUepCBck5+mAzfO9JrbApNNgaTdGDITg=
golang.org/x/sys v0.15.0 h1:h48lPFYpsTvQJZF4EKyI4aLHaev3CxivZmv7yZig9pc=
golang.org/x/sys v0.15.0/go.mod h1:/VUhepiaJMQUp4+oa/7Zr1D23ma6VTLIYjOOTFZPUcA=
golang.org/x/text v0.14.0 h1:ScX5w1eTa3QqT8oi6+ziP7dTV1S2+ALU0bI+0zXKWiQ=
golang.org/x/text v0.14.0/go.mod h1:18ZOQIKpY8NJVqYksKHtTdi31H5itFRjB5/qKTNYzSU=
golang.org/x/xerrors v0.0.0-20191204190536-9bdfabe68543/go.mod h1:I/5z698sn9Ka8TeJc9MKroUUfqBBauWjQqLJ2OPfmY0=
google.golang.org/genproto/googleapis/rpc v0.0.0-20231127180814-3a041ad873d4 h1:DC7wcm+i+P1rN3Ff07vL+OndGg5OhNddHyTA+ocPqYE=
google.golang.org/genproto/googleapis/rpc v0.0.0-20231127180814-3a041ad873d4/go.mod h1:eJVxU6o+4G1PSczBr85xmyvSNYAKvAYgkub40YGomFM=
google.golang.org/grpc v1.59.0 h1:Z5Iec2pjwb+LEOqzpB2MR12/eKFhDPhuqW91O+4bwUk=
google.golang.org/grpc v1.59.0/go.mod h1:aUPDwccQo6OTjy7Hct4AfBPD1GptF4fyUjIkQ9YtF98=
google.golang.org/protobuf v1.26.0-rc.1/go.mod h1:jlhhOSvTdKEhbULTjvd4ARK9grFBp09yW+WbY/TyQbw=
google.golang.org/protobuf v1.26.0/go.mod h1:9q0QmTI4eRPtz6boOQmLYwt+qCgq0jsYwAQnmE0givc=
google.golang.org/protobuf v1.31.0 h1:g0LDEJHgrBl9N9r17Ru3sqWhkIx2NB67okBHPwC7hs8=
google.golang.org/protobuf v1.31.0/go.mod h1:HV8QOd/L58Z+nl8r43ehVNZIU/HEI6OcFqwMG9pJV4I=
gopkg.in/check.v1 v0.0.0-20161208181325-20d25e280405/go.mod h1:Co6ibVJAznAaIkqp8huTwlJQCZ016jof/cbN4VW5Yz0=
gopkg.in/check.v1 v1.0.0-20180628173108-788fd7840127/go.mod h1:Co6ibVJAznAaIkqp8huTwlJQCZ016jof/cbN4VW5Yz0=
gopkg.in/check.v1 v1.0.0-20201130134442-10cb98267c6c h1:Hei/4ADfdWqJk1ZMxUNpqntNwaWcugrBjAiHlqqRiVk=
gopkg.in/check.v1 v1.0.0-20201130134442-10cb98267c6c/go.mod h1:JHkPIbrfpd72SG/EVd6muEfDQjcINNoR0C8j2r3qZ4Q=
gopkg.in/ini.v1 v1.67.0 h1:Dgnx+6+nfE+IfzjUEISNeydPJh9AXNNsWbGP9KzCsOA=
gopkg.in/ini.v1 v1.67.0/go.mod h1:pNLf8WUiyNEtQjuu5G5vTm06TEv9tsIgeAvK8hOrP4k=
gopkg.in/yaml.v2 v2.4.0 h1:D8xgwECY7CYvx+Y2n4sBz93Jn9JRvxdiyyo8CTfuKaY=
gopkg.in/yaml.v2 v2.4.0/go.mod h1:RDklbk79AGWmwhnvt/jBztapEOGDOx6ZbXqjP6csGnQ=
gopkg.in/yaml.v3 v3.0.0-20200313102051-9f266ea9e77c/go.mod h1:K4uyk7z7BCEPqu6E+C64Yfv1cQ7kz7rIZviUmN+EgEM=
gopkg.in/yaml.v3 v3.0.1 h1:fxVm/GzAzEWqLHuvctI91KS9hhNmmWOoWu0XTYJS7CA=
gopkg.in/yaml.v3 v3.0.1/go.mod h1:K4uyk7z7BCEPqu6E+C64Yfv1cQ7kz7rIZviUmN+EgEM=
